
Microsoft Visual Studio Solution File, Format Version 12.00
# Visual Studio Version 17
VisualStudioVersion = 17.2.32616.157
MinimumVisualStudioVersion = 10.0.40219.1
Project("{FAE04EC0-301F-11D3-BF4B-00C04F79EFBC}") = "ExpenseTracker", "ExpenseTracker\ExpenseTracker.csproj", "{0B1211B5-6CFA-445C-9BDF-0B50C2D867D4}"
EndProject
Project("{FAE04EC0-301F-11D3-BF4B-00C04F79EFBC}") = "ExpenseTrackerWPF", "ExpenseTrackerWPF\ExpenseTrackerWPF.csproj", "{C1F9DD6A-3B58-43D5-9DA7-EFD236DCDF99}"
EndProject
Global
	GlobalSection(SolutionConfigurationPlatforms) = preSolution
		Debug|Any CPU = Debug|Any CPU
		Release|Any CPU = Release|Any CPU
	EndGlobalSection
	GlobalSection(ProjectConfigurationPlatforms) = postSolution
		{0B1211B5-6CFA-445C-9BDF-0B50C2D867D4}.Debug|Any CPU.ActiveCfg = Debug|Any CPU
		{0B1211B5-6CFA-445C-9BDF-0B50C2D867D4}.Debug|Any CPU.Build.0 = Debug|Any CPU
		{0B1211B5-6CFA-445C-9BDF-0B50C2D867D4}.Release|Any CPU.ActiveCfg = Release|Any CPU
		{0B1211B5-6CFA-445C-9BDF-0B50C2D867D4}.Release|Any CPU.Build.0 = Release|Any CPU
		{C1F9DD6A-3B58-43D5-9DA7-EFD236DCDF99}.Debug|Any CPU.ActiveCfg = Debug|Any CPU
		{C1F9DD6A-3B58-43D5-9DA7-EFD236DCDF99}.Debug|Any CPU.Build.0 = Debug|Any CPU
		{C1F9DD6A-3B58-43D5-9DA7-EFD236DCDF99}.Release|Any CPU.ActiveCfg = Release|Any CPU
		{C1F9DD6A-3B58-43D5-9DA7-EFD236DCDF99}.Release|Any CPU.Build.0 = Release|Any CPU
	EndGlobalSection
	GlobalSection(SolutionProperties) = preSolution
		HideSolutionNode = FALSE
	EndGlobalSection
	GlobalSection(ExtensibilityGlobals) = postSolution
		SolutionGuid = {2465108C-4944-49D7-8AA9-A9A61FB3B3D2}
	EndGlobalSection
EndGlobal
